
Microsoft Visual Studio Solution File, Format Version 11.00
# Visual Studio 2010
Project("{FAE04EC0-301F-11D3-BF4B-00C04F79EFBC}") = "MWSServer", "MWSServer\MWSServer.csproj", "{37E80877-8983-4AA1-99DA-5004E69B0EAA}"
EndProject
Project("{FAE04EC0-301F-11D3-BF4B-00C04F79EFBC}") = "DebugLogHandler", "DebugLogHandler\DebugLogHandler.csproj", "{06357E93-216F-470B-8238-005170C397DD}"
EndProject
Project("{FAE04EC0-301F-11D3-BF4B-00C04F79EFBC}") = "FBAInventoryServiceMWS", "FBAInventoryServiceMWS\FBAInventoryServiceMWS.csproj", "{2D9B0F08-B93E-4080-A365-42E5CC6FFFF0}"
EndProject
Project("{FAE04EC0-301F-11D3-BF4B-00C04F79EFBC}") = "LabelPrintingInterface", "LabelPrintingInterface\LabelPrintingInterface.csproj", "{98A1B797-5678-4022-8070-5E11C5077C29}"
EndProject
Project("{FAE04EC0-301F-11D3-BF4B-00C04F79EFBC}") = "SilverlightPrinting", "SilverlightPrinting\SilverlightPrinting.csproj", "{297912E3-DB32-47DA-9FC8-1E5BABCD64B1}"
EndProject
Project("{FAE04EC0-301F-11D3-BF4B-00C04F79EFBC}") = "MarketplaceWebService", "MarketplaceWebService\MarketplaceWebService.csproj", "{2E53ECDB-4C83-42AE-9108-DAD3427D44CB}"
EndProject
Project("{FAE04EC0-301F-11D3-BF4B-00C04F79EFBC}") = "MarketplaceWebService.Samples", "MarketplaceWebService.Samples\MarketplaceWebService.Samples.csproj", "{F7AB9ADF-DAA9-421A-B221-C899670135FA}"
EndProject
Global
	GlobalSection(SolutionConfigurationPlatforms) = preSolution
		Debug|Any CPU = Debug|Any CPU
		Debug|Mixed Platforms = Debug|Mixed Platforms
		Debug|x86 = Debug|x86
		Release|Any CPU = Release|Any CPU
		Release|Mixed Platforms = Release|Mixed Platforms
		Release|x86 = Release|x86
	EndGlobalSection
	GlobalSection(ProjectConfigurationPlatforms) = postSolution
		{37E80877-8983-4AA1-99DA-5004E69B0EAA}.Debug|Any CPU.ActiveCfg = Debug|x86
		{37E80877-8983-4AA1-99DA-5004E69B0EAA}.Debug|Mixed Platforms.ActiveCfg = Debug|x86
		{37E80877-8983-4AA1-99DA-5004E69B0EAA}.Debug|Mixed Platforms.Build.0 = Debug|x86
		{37E80877-8983-4AA1-99DA-5004E69B0EAA}.Debug|x86.ActiveCfg = Debug|x86
		{37E80877-8983-4AA1-99DA-5004E69B0EAA}.Debug|x86.Build.0 = Debug|x86
		{37E80877-8983-4AA1-99DA-5004E69B0EAA}.Release|Any CPU.ActiveCfg = Release|x86
		{37E80877-8983-4AA1-99DA-5004E69B0EAA}.Release|Mixed Platforms.ActiveCfg = Release|x86
		{37E80877-8983-4AA1-99DA-5004E69B0EAA}.Release|Mixed Platforms.Build.0 = Release|x86
		{37E80877-8983-4AA1-99DA-5004E69B0EAA}.Release|x86.ActiveCfg = Release|x86
		{37E80877-8983-4AA1-99DA-5004E69B0EAA}.Release|x86.Build.0 = Release|x86
		{06357E93-216F-470B-8238-005170C397DD}.Debug|Any CPU.ActiveCfg = Debug|Any CPU
		{06357E93-216F-470B-8238-005170C397DD}.Debug|Any CPU.Build.0 = Debug|Any CPU
		{06357E93-216F-470B-8238-005170C397DD}.Debug|Mixed Platforms.ActiveCfg = Debug|Any CPU
		{06357E93-216F-470B-8238-005170C397DD}.Debug|Mixed Platforms.Build.0 = Debug|Any CPU
		{06357E93-216F-470B-8238-005170C397DD}.Debug|x86.ActiveCfg = Debug|Any CPU
		{06357E93-216F-470B-8238-005170C397DD}.Release|Any CPU.ActiveCfg = Release|Any CPU
		{06357E93-216F-470B-8238-005170C397DD}.Release|Any CPU.Build.0 = Release|Any CPU
		{06357E93-216F-470B-8238-005170C397DD}.Release|Mixed Platforms.ActiveCfg = Release|Any CPU
		{06357E93-216F-470B-8238-005170C397DD}.Release|Mixed Platforms.Build.0 = Release|Any CPU
		{06357E93-216F-470B-8238-005170C397DD}.Release|x86.ActiveCfg = Release|Any CPU
		{2D9B0F08-B93E-4080-A365-42E5CC6FFFF0}.Debug|Any CPU.ActiveCfg = Debug|Any CPU
		{2D9B0F08-B93E-4080-A365-42E5CC6FFFF0}.Debug|Any CPU.Build.0 = Debug|Any CPU
		{2D9B0F08-B93E-4080-A365-42E5CC6FFFF0}.Debug|Mixed Platforms.ActiveCfg = Debug|Any CPU
		{2D9B0F08-B93E-4080-A365-42E5CC6FFFF0}.Debug|Mixed Platforms.Build.0 = Debug|Any CPU
		{2D9B0F08-B93E-4080-A365-42E5CC6FFFF0}.Debug|x86.ActiveCfg = Debug|Any CPU
		{2D9B0F08-B93E-4080-A365-42E5CC6FFFF0}.Release|Any CPU.ActiveCfg = Release|Any CPU
		{2D9B0F08-B93E-4080-A365-42E5CC6FFFF0}.Release|Any CPU.Build.0 = Release|Any CPU
		{2D9B0F08-B93E-4080-A365-42E5CC6FFFF0}.Release|Mixed Platforms.ActiveCfg = Release|Any CPU
		{2D9B0F08-B93E-4080-A365-42E5CC6FFFF0}.Release|Mixed Platforms.Build.0 = Release|Any CPU
		{2D9B0F08-B93E-4080-A365-42E5CC6FFFF0}.Release|x86.ActiveCfg = Release|Any CPU
		{98A1B797-5678-4022-8070-5E11C5077C29}.Debug|Any CPU.ActiveCfg = Debug|Any CPU
		{98A1B797-5678-4022-8070-5E11C5077C29}.Debug|Any CPU.Build.0 = Debug|Any CPU
		{98A1B797-5678-4022-8070-5E11C5077C29}.Debug|Mixed Platforms.ActiveCfg = Debug|Any CPU
		{98A1B797-5678-4022-8070-5E11C5077C29}.Debug|Mixed Platforms.Build.0 = Debug|Any CPU
		{98A1B797-5678-4022-8070-5E11C5077C29}.Debug|x86.ActiveCfg = Debug|Any CPU
		{98A1B797-5678-4022-8070-5E11C5077C29}.Release|Any CPU.ActiveCfg = Release|Any CPU
		{98A1B797-5678-4022-8070-5E11C5077C29}.Release|Any CPU.Build.0 = Release|Any CPU
		{98A1B797-5678-4022-8070-5E11C5077C29}.Release|Mixed Platforms.ActiveCfg = Release|Any CPU
		{98A1B797-5678-4022-8070-5E11C5077C29}.Release|Mixed Platforms.Build.0 = Release|Any CPU
		{98A1B797-5678-4022-8070-5E11C5077C29}.Release|x86.ActiveCfg = Release|Any CPU
		{297912E3-DB32-47DA-9FC8-1E5BABCD64B1}.Debug|Any CPU.ActiveCfg = Debug|Any CPU
		{297912E3-DB32-47DA-9FC8-1E5BABCD64B1}.Debug|Any CPU.Build.0 = Debug|Any CPU
		{297912E3-DB32-47DA-9FC8-1E5BABCD64B1}.Debug|Mixed Platforms.ActiveCfg = Debug|Any CPU
		{297912E3-DB32-47DA-9FC8-1E5BABCD64B1}.Debug|Mixed Platforms.Build.0 = Debug|Any CPU
		{297912E3-DB32-47DA-9FC8-1E5BABCD64B1}.Debug|x86.ActiveCfg = Debug|Any CPU
		{297912E3-DB32-47DA-9FC8-1E5BABCD64B1}.Release|Any CPU.ActiveCfg = Release|Any CPU
		{297912E3-DB32-47DA-9FC8-1E5BABCD64B1}.Release|Any CPU.Build.0 = Release|Any CPU
		{297912E3-DB32-47DA-9FC8-1E5BABCD64B1}.Release|Mixed Platforms.ActiveCfg = Release|Any CPU
		{297912E3-DB32-47DA-9FC8-1E5BABCD64B1}.Release|Mixed Platforms.Build.0 = Release|Any CPU
		{297912E3-DB32-47DA-9FC8-1E5BABCD64B1}.Release|x86.ActiveCfg = Release|Any CPU
		{2E53ECDB-4C83-42AE-9108-DAD3427D44CB}.Debug|Any CPU.ActiveCfg = Debug|Any CPU
		{2E53ECDB-4C83-42AE-9108-DAD3427D44CB}.Debug|Any CPU.Build.0 = Debug|Any CPU
		{2E53ECDB-4C83-42AE-9108-DAD3427D44CB}.Debug|Mixed Platforms.ActiveCfg = Debug|Any CPU
		{2E53ECDB-4C83-42AE-9108-DAD3427D44CB}.Debug|Mixed Platforms.Build.0 = Debug|Any CPU
		{2E53ECDB-4C83-42AE-9108-DAD3427D44CB}.Debug|x86.ActiveCfg = Debug|Any CPU
		{2E53ECDB-4C83-42AE-9108-DAD3427D44CB}.Release|Any CPU.ActiveCfg = Release|Any CPU
		{2E53ECDB-4C83-42AE-9108-DAD3427D44CB}.Release|Any CPU.Build.0 = Release|Any CPU
		{2E53ECDB-4C83-42AE-9108-DAD3427D44CB}.Release|Mixed Platforms.ActiveCfg = Release|Any CPU
		{2E53ECDB-4C83-42AE-9108-DAD3427D44CB}.Release|Mixed Platforms.Build.0 = Release|Any CPU
		{2E53ECDB-4C83-42AE-9108-DAD3427D44CB}.Release|x86.ActiveCfg = Release|Any CPU
		{F7AB9ADF-DAA9-421A-B221-C899670135FA}.Debug|Any CPU.ActiveCfg = Debug|Any CPU
		{F7AB9ADF-DAA9-421A-B221-C899670135FA}.Debug|Any CPU.Build.0 = Debug|Any CPU
		{F7AB9ADF-DAA9-421A-B221-C899670135FA}.Debug|Mixed Platforms.ActiveCfg = Debug|Any CPU
		{F7AB9ADF-DAA9-421A-B221-C899670135FA}.Debug|Mixed Platforms.Build.0 = Debug|Any CPU
		{F7AB9ADF-DAA9-421A-B221-C899670135FA}.Debug|x86.ActiveCfg = Debug|Any CPU
		{F7AB9ADF-DAA9-421A-B221-C899670135FA}.Release|Any CPU.ActiveCfg = Release|Any CPU
		{F7AB9ADF-DAA9-421A-B221-C899670135FA}.Release|Any CPU.Build.0 = Release|Any CPU
		{F7AB9ADF-DAA9-421A-B221-C899670135FA}.Release|Mixed Platforms.ActiveCfg = Release|Any CPU
		{F7AB9ADF-DAA9-421A-B221-C899670135FA}.Release|Mixed Platforms.Build.0 = Release|Any CPU
		{F7AB9ADF-DAA9-421A-B221-C899670135FA}.Release|x86.ActiveCfg = Release|Any CPU
	EndGlobalSection
	GlobalSection(SolutionProperties) = preSolution
		HideSolutionNode = FALSE
	EndGlobalSection
EndGlobal
